
Microsoft Visual Studio Solution File, Format Version 12.00
# Visual Studio Version 16
VisualStudioVersion = 16.0.31112.23
MinimumVisualStudioVersion = 10.0.40219.1
Project("{FAE04EC0-301F-11D3-BF4B-00C04F79EFBC}") = "NaukaJsoniXML2", "NaukaJsoniXML2\NaukaJsoniXML2.csproj", "{97118B4D-8B65-4441-9A52-B42ECC1688CC}"
EndProject
Global
	GlobalSection(SolutionConfigurationPlatforms) = preSolution
		Debug|Any CPU = Debug|Any CPU
		Release|Any CPU = Release|Any CPU
	EndGlobalSection
	GlobalSection(ProjectConfigurationPlatforms) = postSolution
		{97118B4D-8B65-4441-9A52-B42ECC1688CC}.Debug|Any CPU.ActiveCfg = Debug|Any CPU
		{97118B4D-8B65-4441-9A52-B42ECC1688CC}.Debug|Any CPU.Build.0 = Debug|Any CPU
		{97118B4D-8B65-4441-9A52-B42ECC1688CC}.Release|Any CPU.ActiveCfg = Release|Any CPU
		{97118B4D-8B65-4441-9A52-B42ECC1688CC}.Release|Any CPU.Build.0 = Release|Any CPU
	EndGlobalSection
	GlobalSection(SolutionProperties) = preSolution
		HideSolutionNode = FALSE
	EndGlobalSection
	GlobalSection(ExtensibilityGlobals) = postSolution
		SolutionGuid = {E55983C9-A3B2-489F-8273-DE116FC9481F}
	EndGlobalSection
EndGlobal
